
Microsoft Visual Studio Solution File, Format Version 12.00
# Visual Studio Version 17
VisualStudioVersion = 17.4.33122.133
MinimumVisualStudioVersion = 10.0.40219.1
Project("{FAE04EC0-301F-11D3-BF4B-00C04F79EFBC}") = "ebook_server", "ebook_server\ebook_server.csproj", "{1C34D59B-8206-490B-BA94-DC3EB05148EC}"
EndProject
Global
	GlobalSection(SolutionConfigurationPlatforms) = preSolution
		Debug|Any CPU = Debug|Any CPU
		Release|Any CPU = Release|Any CPU
	EndGlobalSection
	GlobalSection(ProjectConfigurationPlatforms) = postSolution
		{1C34D59B-8206-490B-BA94-DC3EB05148EC}.Debug|Any CPU.ActiveCfg = Debug|Any CPU
		{1C34D59B-8206-490B-BA94-DC3EB05148EC}.Debug|Any CPU.Build.0 = Debug|Any CPU
		{1C34D59B-8206-490B-BA94-DC3EB05148EC}.Release|Any CPU.ActiveCfg = Release|Any CPU
		{1C34D59B-8206-490B-BA94-DC3EB05148EC}.Release|Any CPU.Build.0 = Release|Any CPU
	EndGlobalSection
	GlobalSection(SolutionProperties) = preSolution
		HideSolutionNode = FALSE
	EndGlobalSection
	GlobalSection(ExtensibilityGlobals) = postSolution
		SolutionGuid = {AE72CF27-AEAF-4DF8-AC72-9C3D85C3FE64}
	EndGlobalSection
EndGlobal
